# This file is autogenerated, do not edit; changes may be undone by the next 'dep ensure'.


[[projects]]
  digest = "1:506f2f0fee9b0e75b987286233a3b0d3fbf7cb145d754b0719b672822246cbc6"
  name = "github.com/vmware/govmomi"
  packages = [
    ".",
    "nfc",
    "object",
    "property",
    "session",
    "task",
    "view",
    "vim25",
    "vim25/debug",
    "vim25/methods",
    "vim25/mo",
    "vim25/progress",
    "vim25/soap",
    "vim25/types",
    "vim25/xml",
  ]
  pruneopts = "UT"
  revision = "3617f28d167d448f93f282a867870f109516d2a5"
  version = "v0.19.0"

[solve-meta]
  analyzer-name = "dep"
  analyzer-version = 1
  input-imports = [
    "github.com/vmware/govmomi",
    "github.com/vmware/govmomi/view",
    "github.com/vmware/govmomi/vim25",
    "github.com/vmware/govmomi/vim25/mo",
    "github.com/vmware/govmomi/vim25/soap",
  ]
  solver-name = "gps-cdcl"
  solver-version = 1
